// !$*UTF8*$!
{
	archiveVersion = 1;
	classes = {
	};
	objectVersion = 46;
	objects = {

/* Begin PBXBuildFile section */
		ECCA18FD19BE997F0028EF7E /* Foundation.framework in Frameworks */ = {isa = PBXBuildFile; fileRef = ECCA18FC19BE997F0028EF7E /* Foundation.framework */; };
		ECCA18FF19BE997F0028EF7E /* CoreGraphics.framework in Frameworks */ = {isa = PBXBuildFile; fileRef = ECCA18FE19BE997F0028EF7E /* CoreGraphics.framework */; };
		ECCA190119BE997F0028EF7E /* UIKit.framework in Frameworks */ = {isa = PBXBuildFile; fileRef = ECCA190019BE997F0028EF7E /* UIKit.framework */; };
		ECCA190319BE997F0028EF7E /* CoreData.framework in Frameworks */ = {isa = PBXBuildFile; fileRef = ECCA190219BE997F0028EF7E /* CoreData.framework */; };
		ECCA190919BE997F0028EF7E /* InfoPlist.strings in Resources */ = {isa = PBXBuildFile; fileRef = ECCA190719BE997F0028EF7E /* InfoPlist.strings */; };
		ECCA190B19BE997F0028EF7E /* main.m in Sources */ = {isa = PBXBuildFile; fileRef = ECCA190A19BE997F0028EF7E /* main.m */; };
		ECCA190F19BE997F0028EF7E /* AppDelegate.m in Sources */ = {isa = PBXBuildFile; fileRef = ECCA190E19BE997F0028EF7E /* AppDelegate.m */; };
		ECCA191219BE997F0028EF7E /* UnestsDemo.xcdatamodeld in Sources */ = {isa = PBXBuildFile; fileRef = ECCA191019BE997F0028EF7E /* UnestsDemo.xcdatamodeld */; };
		ECCA191419BE997F0028EF7E /* Images.xcassets in Resources */ = {isa = PBXBuildFile; fileRef = ECCA191319BE997F0028EF7E /* Images.xcassets */; };
		ECCA191B19BE997F0028EF7E /* XCTest.framework in Frameworks */ = {isa = PBXBuildFile; fileRef = ECCA191A19BE997F0028EF7E /* XCTest.framework */; };
		ECCA191C19BE997F0028EF7E /* Foundation.framework in Frameworks */ = {isa = PBXBuildFile; fileRef = ECCA18FC19BE997F0028EF7E /* Foundation.framework */; };
		ECCA191D19BE997F0028EF7E /* UIKit.framework in Frameworks */ = {isa = PBXBuildFile; fileRef = ECCA190019BE997F0028EF7E /* UIKit.framework */; };
		ECCA191E19BE997F0028EF7E /* CoreData.framework in Frameworks */ = {isa = PBXBuildFile; fileRef = ECCA190219BE997F0028EF7E /* CoreData.framework */; };
		ECCA192619BE997F0028EF7E /* InfoPlist.strings in Resources */ = {isa = PBXBuildFile; fileRef = ECCA192419BE997F0028EF7E /* InfoPlist.strings */; };
		ECCA192819BE997F0028EF7E /* UnestsDemoTests.m in Sources */ = {isa = PBXBuildFile; fileRef = ECCA192719BE997F0028EF7E /* UnestsDemoTests.m */; };
		ECCA193519BEACB40028EF7E /* RootViewController.m in Sources */ = {isa = PBXBuildFile; fileRef = ECCA193319BEACB40028EF7E /* RootViewController.m */; };
		ECCA193619BEACB40028EF7E /* RootViewController.xib in Resources */ = {isa = PBXBuildFile; fileRef = ECCA193419BEACB40028EF7E /* RootViewController.xib */; };
		ECCA193B19BEC8E90028EF7E /* RevealTableViewCell.m in Sources */ = {isa = PBXBuildFile; fileRef = ECCA193919BEC8E90028EF7E /* RevealTableViewCell.m */; };
		ECCA193C19BEC8E90028EF7E /* RevealTableViewCell.xib in Resources */ = {isa = PBXBuildFile; fileRef = ECCA193A19BEC8E90028EF7E /* RevealTableViewCell.xib */; };
		ECCA197219BED1240028EF7E /* Bg2.jpg in Resources */ = {isa = PBXBuildFile; fileRef = ECCA196819BED1240028EF7E /* Bg2.jpg */; };
		ECCA197319BED1240028EF7E /* Bg2@2x.jpg in Resources */ = {isa = PBXBuildFile; fileRef = ECCA196919BED1240028EF7E /* Bg2@2x.jpg */; };
		ECCA197419BED1240028EF7E /* Bg3.jpg in Resources */ = {isa = PBXBuildFile; fileRef = ECCA196A19BED1240028EF7E /* Bg3.jpg */; };
		ECCA197519BED1240028EF7E /* Bg3@2x.jpg in Resources */ = {isa = PBXBuildFile; fileRef = ECCA196B19BED1240028EF7E /* Bg3@2x.jpg */; };
		ECCA197619BED1240028EF7E /* Bg4.jpg in Resources */ = {isa = PBXBuildFile; fileRef = ECCA196C19BED1240028EF7E /* Bg4.jpg */; };
		ECCA197719BED1240028EF7E /* Bg4@2x.jpg in Resources */ = {isa = PBXBuildFile; fileRef = ECCA196D19BED1240028EF7E /* Bg4@2x.jpg */; };
		ECCA197819BED1240028EF7E /* Bg5.jpg in Resources */ = {isa = PBXBuildFile; fileRef = ECCA196E19BED1240028EF7E /* Bg5.jpg */; };
		ECCA197919BED1240028EF7E /* Bg5@2x.jpg in Resources */ = {isa = PBXBuildFile; fileRef = ECCA196F19BED1240028EF7E /* Bg5@2x.jpg */; };
		ECCA197A19BED1240028EF7E /* Bg6.jpg in Resources */ = {isa = PBXBuildFile; fileRef = ECCA197019BED1240028EF7E /* Bg6.jpg */; };
		ECCA197B19BED1240028EF7E /* Bg6@2x.jpg in Resources */ = {isa = PBXBuildFile; fileRef = ECCA197119BED1240028EF7E /* Bg6@2x.jpg */; };
		ECCA198219BEE0F10028EF7E /* RevealDetailViewController.m in Sources */ = {isa = PBXBuildFile; fileRef = ECCA198019BEE0F10028EF7E /* RevealDetailViewController.m */; };
		ECCA198319BEE0F10028EF7E /* RevealDetailViewController.xib in Resources */ = {isa = PBXBuildFile; fileRef = ECCA198119BEE0F10028EF7E /* RevealDetailViewController.xib */; };
		ECCA198A19BEEE3E0028EF7E /* RotatedTableView.m in Sources */ = {isa = PBXBuildFile; fileRef = ECCA198919BEEE3E0028EF7E /* RotatedTableView.m */; };
/* End PBXBuildFile section */

/* Begin PBXContainerItemProxy section */
		ECCA191F19BE997F0028EF7E /* PBXContainerItemProxy */ = {
			isa = PBXContainerItemProxy;
			containerPortal = ECCA18F119BE997F0028EF7E /* Project object */;
			proxyType = 1;
			remoteGlobalIDString = ECCA18F819BE997F0028EF7E;
			remoteInfo = UnestsDemo;
		};
/* End PBXContainerItemProxy section */

/* Begin PBXFileReference section */
		ECCA18F919BE997F0028EF7E /* UnestsDemo.app */ = {isa = PBXFileReference; explicitFileType = wrapper.application; includeInIndex = 0; path = UnestsDemo.app; sourceTree = BUILT_PRODUCTS_DIR; };
		ECCA18FC19BE997F0028EF7E /* Foundation.framework */ = {isa = PBXFileReference; lastKnownFileType = wrapper.framework; name = Foundation.framework; path = System/Library/Frameworks/Foundation.framework; sourceTree = SDKROOT; };
		ECCA18FE19BE997F0028EF7E /* CoreGraphics.framework */ = {isa = PBXFileReference; lastKnownFileType = wrapper.framework; name = CoreGraphics.framework; path = System/Library/Frameworks/CoreGraphics.framework; sourceTree = SDKROOT; };
		ECCA190019BE997F0028EF7E /* UIKit.framework */ = {isa = PBXFileReference; lastKnownFileType = wrapper.framework; name = UIKit.framework; path = System/Library/Frameworks/UIKit.framework; sourceTree = SDKROOT; };
		ECCA190219BE997F0028EF7E /* CoreData.framework */ = {isa = PBXFileReference; lastKnownFileType = wrapper.framework; name = CoreData.framework; path = System/Library/Frameworks/CoreData.framework; sourceTree = SDKROOT; };
		ECCA190619BE997F0028EF7E /* UnestsDemo-Info.plist */ = {isa = PBXFileReference; lastKnownFileType = text.plist.xml; path = "UnestsDemo-Info.plist"; sourceTree = "<group>"; };
		ECCA190819BE997F0028EF7E /* en */ = {isa = PBXFileReference; lastKnownFileType = text.plist.strings; name = en; path = en.lproj/InfoPlist.strings; sourceTree = "<group>"; };
		ECCA190A19BE997F0028EF7E /* main.m */ = {isa = PBXFileReference; lastKnownFileType = sourcecode.c.objc; path = main.m; sourceTree = "<group>"; };
		ECCA190C19BE997F0028EF7E /* UnestsDemo-Prefix.pch */ = {isa = PBXFileReference; lastKnownFileType = sourcecode.c.h; path = "UnestsDemo-Prefix.pch"; sourceTree = "<group>"; };
		ECCA190D19BE997F0028EF7E /* AppDelegate.h */ = {isa = PBXFileReference; lastKnownFileType = sourcecode.c.h; path = AppDelegate.h; sourceTree = "<group>"; };
		ECCA190E19BE997F0028EF7E /* AppDelegate.m */ = {isa = PBXFileReference; lastKnownFileType = sourcecode.c.objc; path = AppDelegate.m; sourceTree = "<group>"; };
		ECCA191119BE997F0028EF7E /* UnestsDemo.xcdatamodel */ = {isa = PBXFileReference; lastKnownFileType = wrapper.xcdatamodel; path = UnestsDemo.xcdatamodel; sourceTree = "<group>"; };
		ECCA191319BE997F0028EF7E /* Images.xcassets */ = {isa = PBXFileReference; lastKnownFileType = folder.assetcatalog; path = Images.xcassets; sourceTree = "<group>"; };
		ECCA191919BE997F0028EF7E /* UnestsDemoTests.xctest */ = {isa = PBXFileReference; explicitFileType = wrapper.cfbundle; includeInIndex = 0; path = UnestsDemoTests.xctest; sourceTree = BUILT_PRODUCTS_DIR; };
		ECCA191A19BE997F0028EF7E /* XCTest.framework */ = {isa = PBXFileReference; lastKnownFileType = wrapper.framework; name = XCTest.framework; path = Library/Frameworks/XCTest.framework; sourceTree = DEVELOPER_DIR; };
		ECCA192319BE997F0028EF7E /* UnestsDemoTests-Info.plist */ = {isa = PBXFileReference; lastKnownFileType = text.plist.xml; path = "UnestsDemoTests-Info.plist"; sourceTree = "<group>"; };
		ECCA192519BE997F0028EF7E /* en */ = {isa = PBXFileReference; lastKnownFileType = text.plist.strings; name = en; path = en.lproj/InfoPlist.strings; sourceTree = "<group>"; };
		ECCA192719BE997F0028EF7E /* UnestsDemoTests.m */ = {isa = PBXFileReference; lastKnownFileType = sourcecode.c.objc; path = UnestsDemoTests.m; sourceTree = "<group>"; };
		ECCA193219BEACB40028EF7E /* RootViewController.h */ = {isa = PBXFileReference; fileEncoding = 4; lastKnownFileType = sourcecode.c.h; path = RootViewController.h; sourceTree = "<group>"; };
		ECCA193319BEACB40028EF7E /* RootViewController.m */ = {isa = PBXFileReference; fileEncoding = 4; lastKnownFileType = sourcecode.c.objc; path = RootViewController.m; sourceTree = "<group>"; };
		ECCA193419BEACB40028EF7E /* RootViewController.xib */ = {isa = PBXFileReference; fileEncoding = 4; lastKnownFileType = file.xib; path = RootViewController.xib; sourceTree = "<group>"; };
		ECCA193819BEC8E90028EF7E /* RevealTableViewCell.h */ = {isa = PBXFileReference; fileEncoding = 4; lastKnownFileType = sourcecode.c.h; path = RevealTableViewCell.h; sourceTree = "<group>"; };
		ECCA193919BEC8E90028EF7E /* RevealTableViewCell.m */ = {isa = PBXFileReference; fileEncoding = 4; lastKnownFileType = sourcecode.c.objc; path = RevealTableViewCell.m; sourceTree = "<group>"; };
		ECCA193A19BEC8E90028EF7E /* RevealTableViewCell.xib */ = {isa = PBXFileReference; fileEncoding = 4; lastKnownFileType = file.xib; path = RevealTableViewCell.xib; sourceTree = "<group>"; };
		ECCA196819BED1240028EF7E /* Bg2.jpg */ = {isa = PBXFileReference; lastKnownFileType = image.jpeg; path = Bg2.jpg; sourceTree = "<group>"; };
		ECCA196919BED1240028EF7E /* Bg2@2x.jpg */ = {isa = PBXFileReference; lastKnownFileType = image.jpeg; path = "Bg2@2x.jpg"; sourceTree = "<group>"; };
		ECCA196A19BED1240028EF7E /* Bg3.jpg */ = {isa = PBXFileReference; lastKnownFileType = image.jpeg; path = Bg3.jpg; sourceTree = "<group>"; };
		ECCA196B19BED1240028EF7E /* Bg3@2x.jpg */ = {isa = PBXFileReference; lastKnownFileType = image.jpeg; path = "Bg3@2x.jpg"; sourceTree = "<group>"; };
		ECCA196C19BED1240028EF7E /* Bg4.jpg */ = {isa = PBXFileReference; lastKnownFileType = image.jpeg; path = Bg4.jpg; sourceTree = "<group>"; };
		ECCA196D19BED1240028EF7E /* Bg4@2x.jpg */ = {isa = PBXFileReference; lastKnownFileType = image.jpeg; path = "Bg4@2x.jpg"; sourceTree = "<group>"; };
		ECCA196E19BED1240028EF7E /* Bg5.jpg */ = {isa = PBXFileReference; lastKnownFileType = image.jpeg; path = Bg5.jpg; sourceTree = "<group>"; };
		ECCA196F19BED1240028EF7E /* Bg5@2x.jpg */ = {isa = PBXFileReference; lastKnownFileType = image.jpeg; path = "Bg5@2x.jpg"; sourceTree = "<group>"; };
		ECCA197019BED1240028EF7E /* Bg6.jpg */ = {isa = PBXFileReference; lastKnownFileType = image.jpeg; path = Bg6.jpg; sourceTree = "<group>"; };
		ECCA197119BED1240028EF7E /* Bg6@2x.jpg */ = {isa = PBXFileReference; lastKnownFileType = image.jpeg; path = "Bg6@2x.jpg"; sourceTree = "<group>"; };
		ECCA197F19BEE0F10028EF7E /* RevealDetailViewController.h */ = {isa = PBXFileReference; fileEncoding = 4; lastKnownFileType = sourcecode.c.h; path = RevealDetailViewController.h; sourceTree = "<group>"; };
		ECCA198019BEE0F10028EF7E /* RevealDetailViewController.m */ = {isa = PBXFileReference; fileEncoding = 4; lastKnownFileType = sourcecode.c.objc; path = RevealDetailViewController.m; sourceTree = "<group>"; };
		ECCA198119BEE0F10028EF7E /* RevealDetailViewController.xib */ = {isa = PBXFileReference; fileEncoding = 4; lastKnownFileType = file.xib; path = RevealDetailViewController.xib; sourceTree = "<group>"; };
		ECCA198819BEEE3E0028EF7E /* RotatedTableView.h */ = {isa = PBXFileReference; fileEncoding = 4; lastKnownFileType = sourcecode.c.h; path = RotatedTableView.h; sourceTree = "<group>"; };
		ECCA198919BEEE3E0028EF7E /* RotatedTableView.m */ = {isa = PBXFileReference; fileEncoding = 4; lastKnownFileType = sourcecode.c.objc; path = RotatedTableView.m; sourceTree = "<group>"; };
/* End PBXFileReference section */

/* Begin PBXFrameworksBuildPhase section */
		ECCA18F619BE997F0028EF7E /* Frameworks */ = {
			isa = PBXFrameworksBuildPhase;
			buildActionMask = 2147483647;
			files = (
				ECCA18FF19BE997F0028EF7E /* CoreGraphics.framework in Frameworks */,
				ECCA190319BE997F0028EF7E /* CoreData.framework in Frameworks */,
				ECCA190119BE997F0028EF7E /* UIKit.framework in Frameworks */,
				ECCA18FD19BE997F0028EF7E /* Foundation.framework in Frameworks */,
			);
			runOnlyForDeploymentPostprocessing = 0;
		};
		ECCA191619BE997F0028EF7E /* Frameworks */ = {
			isa = PBXFrameworksBuildPhase;
			buildActionMask = 2147483647;
			files = (
				ECCA191B19BE997F0028EF7E /* XCTest.framework in Frameworks */,
				ECCA191E19BE997F0028EF7E /* CoreData.framework in Frameworks */,
				ECCA191D19BE997F0028EF7E /* UIKit.framework in Frameworks */,
				ECCA191C19BE997F0028EF7E /* Foundation.framework in Frameworks */,
			);
			runOnlyForDeploymentPostprocessing = 0;
		};
/* End PBXFrameworksBuildPhase section */

/* Begin PBXGroup section */
		ECCA18F019BE997F0028EF7E = {
			isa = PBXGroup;
			children = (
				ECCA190419BE997F0028EF7E /* UnestsDemo */,
				ECCA192119BE997F0028EF7E /* UnestsDemoTests */,
				ECCA18FB19BE997F0028EF7E /* Frameworks */,
				ECCA18FA19BE997F0028EF7E /* Products */,
			);
			sourceTree = "<group>";
		};
		ECCA18FA19BE997F0028EF7E /* Products */ = {
			isa = PBXGroup;
			children = (
				ECCA18F919BE997F0028EF7E /* UnestsDemo.app */,
				ECCA191919BE997F0028EF7E /* UnestsDemoTests.xctest */,
			);
			name = Products;
			sourceTree = "<group>";
		};
		ECCA18FB19BE997F0028EF7E /* Frameworks */ = {
			isa = PBXGroup;
			children = (
				ECCA18FC19BE997F0028EF7E /* Foundation.framework */,
				ECCA18FE19BE997F0028EF7E /* CoreGraphics.framework */,
				ECCA190019BE997F0028EF7E /* UIKit.framework */,
				ECCA190219BE997F0028EF7E /* CoreData.framework */,
				ECCA191A19BE997F0028EF7E /* XCTest.framework */,
			);
			name = Frameworks;
			sourceTree = "<group>";
		};
		ECCA190419BE997F0028EF7E /* UnestsDemo */ = {
			isa = PBXGroup;
			children = (
				ECCA193D19BECCE90028EF7E /* res */,
				ECCA193119BEAC9C0028EF7E /* VC */,
				ECCA190D19BE997F0028EF7E /* AppDelegate.h */,
				ECCA190E19BE997F0028EF7E /* AppDelegate.m */,
				ECCA191319BE997F0028EF7E /* Images.xcassets */,
				ECCA191019BE997F0028EF7E /* UnestsDemo.xcdatamodeld */,
				ECCA190519BE997F0028EF7E /* Supporting Files */,
			);
			path = UnestsDemo;
			sourceTree = "<group>";
		};
		ECCA190519BE997F0028EF7E /* Supporting Files */ = {
			isa = PBXGroup;
			children = (
				ECCA190619BE997F0028EF7E /* UnestsDemo-Info.plist */,
				ECCA190719BE997F0028EF7E /* InfoPlist.strings */,
				ECCA190A19BE997F0028EF7E /* main.m */,
				ECCA190C19BE997F0028EF7E /* UnestsDemo-Prefix.pch */,
			);
			name = "Supporting Files";
			sourceTree = "<group>";
		};
		ECCA192119BE997F0028EF7E /* UnestsDemoTests */ = {
			isa = PBXGroup;
			children = (
				ECCA192719BE997F0028EF7E /* UnestsDemoTests.m */,
				ECCA192219BE997F0028EF7E /* Supporting Files */,
			);
			path = UnestsDemoTests;
			sourceTree = "<group>";
		};
		ECCA192219BE997F0028EF7E /* Supporting Files */ = {
			isa = PBXGroup;
			children = (
				ECCA192319BE997F0028EF7E /* UnestsDemoTests-Info.plist */,
				ECCA192419BE997F0028EF7E /* InfoPlist.strings */,
			);
			name = "Supporting Files";
			sourceTree = "<group>";
		};
		ECCA193119BEAC9C0028EF7E /* VC */ = {
			isa = PBXGroup;
			children = (
				ECCA198419BEEE060028EF7E /* unity */,
				ECCA193719BEC8AE0028EF7E /* tableCell */,
				ECCA193219BEACB40028EF7E /* RootViewController.h */,
				ECCA193319BEACB40028EF7E /* RootViewController.m */,
				ECCA193419BEACB40028EF7E /* RootViewController.xib */,
				ECCA197F19BEE0F10028EF7E /* RevealDetailViewController.h */,
				ECCA198019BEE0F10028EF7E /* RevealDetailViewController.m */,
				ECCA198119BEE0F10028EF7E /* RevealDetailViewController.xib */,
			);
			path = VC;
			sourceTree = "<group>";
		};
		ECCA193719BEC8AE0028EF7E /* tableCell */ = {
			isa = PBXGroup;
			children = (
				ECCA193819BEC8E90028EF7E /* RevealTableViewCell.h */,
				ECCA193919BEC8E90028EF7E /* RevealTableViewCell.m */,
				ECCA193A19BEC8E90028EF7E /* RevealTableViewCell.xib */,
			);
			path = tableCell;
			sourceTree = "<group>";
		};
		ECCA193D19BECCE90028EF7E /* res */ = {
			isa = PBXGroup;
			children = (
				ECCA196719BED1240028EF7E /* pic */,
			);
			path = res;
			sourceTree = "<group>";
		};
		ECCA196719BED1240028EF7E /* pic */ = {
			isa = PBXGroup;
			children = (
				ECCA196819BED1240028EF7E /* Bg2.jpg */,
				ECCA196919BED1240028EF7E /* Bg2@2x.jpg */,
				ECCA196A19BED1240028EF7E /* Bg3.jpg */,
				ECCA196B19BED1240028EF7E /* Bg3@2x.jpg */,
				ECCA196C19BED1240028EF7E /* Bg4.jpg */,
				ECCA196D19BED1240028EF7E /* Bg4@2x.jpg */,
				ECCA196E19BED1240028EF7E /* Bg5.jpg */,
				ECCA196F19BED1240028EF7E /* Bg5@2x.jpg */,
				ECCA197019BED1240028EF7E /* Bg6.jpg */,
				ECCA197119BED1240028EF7E /* Bg6@2x.jpg */,
			);
			path = pic;
			sourceTree = "<group>";
		};
		ECCA198419BEEE060028EF7E /* unity */ = {
			isa = PBXGroup;
			children = (
				ECCA198819BEEE3E0028EF7E /* RotatedTableView.h */,
				ECCA198919BEEE3E0028EF7E /* RotatedTableView.m */,
			);
			path = unity;
			sourceTree = "<group>";
		};
/* End PBXGroup section */

/* Begin PBXNativeTarget section */
		ECCA18F819BE997F0028EF7E /* UnestsDemo */ = {
			isa = PBXNativeTarget;
			buildConfigurationList = ECCA192B19BE997F0028EF7E /* Build configuration list for PBXNativeTarget "UnestsDemo" */;
			buildPhases = (
				ECCA18F519BE997F0028EF7E /* Sources */,
				ECCA18F619BE997F0028EF7E /* Frameworks */,
				ECCA18F719BE997F0028EF7E /* Resources */,
			);
			buildRules = (
			);
			dependencies = (
			);
			name = UnestsDemo;
			productName = UnestsDemo;
			productReference = ECCA18F919BE997F0028EF7E /* UnestsDemo.app */;
			productType = "com.apple.product-type.application";
		};
		ECCA191819BE997F0028EF7E /* UnestsDemoTests */ = {
			isa = PBXNativeTarget;
			buildConfigurationList = ECCA192E19BE997F0028EF7E /* Build configuration list for PBXNativeTarget "UnestsDemoTests" */;
			buildPhases = (
				ECCA191519BE997F0028EF7E /* Sources */,
				ECCA191619BE997F0028EF7E /* Frameworks */,
				ECCA191719BE997F0028EF7E /* Resources */,
			);
			buildRules = (
			);
			dependencies = (
				ECCA192019BE997F0028EF7E /* PBXTargetDependency */,
			);
			name = UnestsDemoTests;
			productName = UnestsDemoTests;
			productReference = ECCA191919BE997F0028EF7E /* UnestsDemoTests.xctest */;
			productType = "com.apple.product-type.bundle.unit-test";
		};
/* End PBXNativeTarget section */

/* Begin PBXProject section */
		ECCA18F119BE997F0028EF7E /* Project object */ = {
			isa = PBXProject;
			attributes = {
				LastUpgradeCheck = 0510;
				ORGANIZATIONNAME = denty;
				TargetAttributes = {
					ECCA191819BE997F0028EF7E = {
						TestTargetID = ECCA18F819BE997F0028EF7E;
					};
				};
			};
			buildConfigurationList = ECCA18F419BE997F0028EF7E /* Build configuration list for PBXProject "UnestsDemo" */;
			compatibilityVersion = "Xcode 3.2";
			developmentRegion = English;
			hasScannedForEncodings = 0;
			knownRegions = (
				en,
			);
			mainGroup = ECCA18F019BE997F0028EF7E;
			productRefGroup = ECCA18FA19BE997F0028EF7E /* Products */;
			projectDirPath = "";
			projectRoot = "";
			targets = (
				ECCA18F819BE997F0028EF7E /* UnestsDemo */,
				ECCA191819BE997F0028EF7E /* UnestsDemoTests */,
			);
		};
/* End PBXProject section */

/* Begin PBXResourcesBuildPhase section */
		ECCA18F719BE997F0028EF7E /* Resources */ = {
			isa = PBXResourcesBuildPhase;
			buildActionMask = 2147483647;
			files = (
				ECCA197819BED1240028EF7E /* Bg5.jpg in Resources */,
				ECCA197919BED1240028EF7E /* Bg5@2x.jpg in Resources */,
				ECCA197619BED1240028EF7E /* Bg4.jpg in Resources */,
				ECCA198319BEE0F10028EF7E /* RevealDetailViewController.xib in Resources */,
				ECCA190919BE997F0028EF7E /* InfoPlist.strings in Resources */,
				ECCA197219BED1240028EF7E /* Bg2.jpg in Resources */,
				ECCA191419BE997F0028EF7E /* Images.xcassets in Resources */,
				ECCA193C19BEC8E90028EF7E /* RevealTableViewCell.xib in Resources */,
				ECCA197419BED1240028EF7E /* Bg3.jpg in Resources */,
				ECCA197A19BED1240028EF7E /* Bg6.jpg in Resources */,
				ECCA197319BED1240028EF7E /* Bg2@2x.jpg in Resources */,
				ECCA197B19BED1240028EF7E /* Bg6@2x.jpg in Resources */,
				ECCA193619BEACB40028EF7E /* RootViewController.xib in Resources */,
				ECCA197719BED1240028EF7E /* Bg4@2x.jpg in Resources */,
				ECCA197519BED1240028EF7E /* Bg3@2x.jpg in Resources */,
			);
			runOnlyForDeploymentPostprocessing = 0;
		};
		ECCA191719BE997F0028EF7E /* Resources */ = {
			isa = PBXResourcesBuildPhase;
			buildActionMask = 2147483647;
			files = (
				ECCA192619BE997F0028EF7E /* InfoPlist.strings in Resources */,
			);
			runOnlyForDeploymentPostprocessing = 0;
		};
/* End PBXResourcesBuildPhase section */

/* Begin PBXSourcesBuildPhase section */
		ECCA18F519BE997F0028EF7E /* Sources */ = {
			isa = PBXSourcesBuildPhase;
			buildActionMask = 2147483647;
			files = (
				ECCA190F19BE997F0028EF7E /* AppDelegate.m in Sources */,
				ECCA191219BE997F0028EF7E /* UnestsDemo.xcdatamodeld in Sources */,
				ECCA198A19BEEE3E0028EF7E /* RotatedTableView.m in Sources */,
				ECCA193B19BEC8E90028EF7E /* RevealTableViewCell.m in Sources */,
				ECCA193519BEACB40028EF7E /* RootViewController.m in Sources */,
				ECCA198219BEE0F10028EF7E /* RevealDetailViewController.m in Sources */,
				ECCA190B19BE997F0028EF7E /* main.m in Sources */,
			);
			runOnlyForDeploymentPostprocessing = 0;
		};
		ECCA191519BE997F0028EF7E /* Sources */ = {
			isa = PBXSourcesBuildPhase;
			buildActionMask = 2147483647;
			files = (
				ECCA192819BE997F0028EF7E /* UnestsDemoTests.m in Sources */,
			);
			runOnlyForDeploymentPostprocessing = 0;
		};
/* End PBXSourcesBuildPhase section */

/* Begin PBXTargetDependency section */
		ECCA192019BE997F0028EF7E /* PBXTargetDependency */ = {
			isa = PBXTargetDependency;
			target = ECCA18F819BE997F0028EF7E /* UnestsDemo */;
			targetProxy = ECCA191F19BE997F0028EF7E /* PBXContainerItemProxy */;
		};
/* End PBXTargetDependency section */

/* Begin PBXVariantGroup section */
		ECCA190719BE997F0028EF7E /* InfoPlist.strings */ = {
			isa = PBXVariantGroup;
			children = (
				ECCA190819BE997F0028EF7E /* en */,
			);
			name = InfoPlist.strings;
			sourceTree = "<group>";
		};
		ECCA192419BE997F0028EF7E /* InfoPlist.strings */ = {
			isa = PBXVariantGroup;
			children = (
				ECCA192519BE997F0028EF7E /* en */,
			);
			name = InfoPlist.strings;
			sourceTree = "<group>";
		};
/* End PBXVariantGroup section */

/* Begin XCBuildConfiguration section */
		ECCA192919BE997F0028EF7E /* Debug */ = {
			isa = XCBuildConfiguration;
			buildSettings = {
				ALWAYS_SEARCH_USER_PATHS = NO;
				CLANG_CXX_LANGUAGE_STANDARD = "gnu++0x";
				CLANG_CXX_LIBRARY = "libc++";
				CLANG_ENABLE_MODULES = YES;
				CLANG_ENABLE_OBJC_ARC = YES;
				CLANG_WARN_BOOL_CONVERSION = YES;
				CLANG_WARN_CONSTANT_CONVERSION = YES;
				CLANG_WARN_DIRECT_OBJC_ISA_USAGE = YES_ERROR;
				CLANG_WARN_EMPTY_BODY = YES;
				CLANG_WARN_ENUM_CONVERSION = YES;
				CLANG_WARN_INT_CONVERSION = YES;
				CLANG_WARN_OBJC_ROOT_CLASS = YES_ERROR;
				CLANG_WARN__DUPLICATE_METHOD_MATCH = YES;
				"CODE_SIGN_IDENTITY[sdk=iphoneos*]" = "iPhone Developer";
				COPY_PHASE_STRIP = NO;
				GCC_C_LANGUAGE_STANDARD = gnu99;
				GCC_DYNAMIC_NO_PIC = NO;
				GCC_OPTIMIZATION_LEVEL = 0;
				GCC_PREPROCESSOR_DEFINITIONS = (
					"DEBUG=1",
					"$(inherited)",
				);
				GCC_SYMBOLS_PRIVATE_EXTERN = NO;
				GCC_WARN_64_TO_32_BIT_CONVERSION = YES;
				GCC_WARN_ABOUT_RETURN_TYPE = YES_ERROR;
				GCC_WARN_UNDECLARED_SELECTOR = YES;
				GCC_WARN_UNINITIALIZED_AUTOS = YES_AGGRESSIVE;
				GCC_WARN_UNUSED_FUNCTION = YES;
				GCC_WARN_UNUSED_VARIABLE = YES;
				IPHONEOS_DEPLOYMENT_TARGET = 7.1;
				ONLY_ACTIVE_ARCH = YES;
				SDKROOT = iphoneos;
			};
			name = Debug;
		};
		ECCA192A19BE997F0028EF7E /* Release */ = {
			isa = XCBuildConfiguration;
			buildSettings = {
				ALWAYS_SEARCH_USER_PATHS = NO;
				CLANG_CXX_LANGUAGE_STANDARD = "gnu++0x";
				CLANG_CXX_LIBRARY = "libc++";
				CLANG_ENABLE_MODULES = YES;
				CLANG_ENABLE_OBJC_ARC = YES;
				CLANG_WARN_BOOL_CONVERSION = YES;
				CLANG_WARN_CONSTANT_CONVERSION = YES;
				CLANG_WARN_DIRECT_OBJC_ISA_USAGE = YES_ERROR;
				CLANG_WARN_EMPTY_BODY = YES;
				CLANG_WARN_ENUM_CONVERSION = YES;
				CLANG_WARN_INT_CONVERSION = YES;
				CLANG_WARN_OBJC_ROOT_CLASS = YES_ERROR;
				CLANG_WARN__DUPLICATE_METHOD_MATCH = YES;
				"CODE_SIGN_IDENTITY[sdk=iphoneos*]" = "iPhone Developer";
				COPY_PHASE_STRIP = YES;
				ENABLE_NS_ASSERTIONS = NO;
				GCC_C_LANGUAGE_STANDARD = gnu99;
				GCC_WARN_64_TO_32_BIT_CONVERSION = YES;
				GCC_WARN_ABOUT_RETURN_TYPE = YES_ERROR;
				GCC_WARN_UNDECLARED_SELECTOR = YES;
				GCC_WARN_UNINITIALIZED_AUTOS = YES_AGGRESSIVE;
				GCC_WARN_UNUSED_FUNCTION = YES;
				GCC_WARN_UNUSED_VARIABLE = YES;
				IPHONEOS_DEPLOYMENT_TARGET = 7.1;
				SDKROOT = iphoneos;
				VALIDATE_PRODUCT = YES;
			};
			name = Release;
		};
		ECCA192C19BE997F0028EF7E /* Debug */ = {
			isa = XCBuildConfiguration;
			buildSettings = {
				ASSETCATALOG_COMPILER_APPICON_NAME = AppIcon;
				ASSETCATALOG_COMPILER_LAUNCHIMAGE_NAME = LaunchImage;
				GCC_PRECOMPILE_PREFIX_HEADER = YES;
				GCC_PREFIX_HEADER = "UnestsDemo/UnestsDemo-Prefix.pch";
				INFOPLIST_FILE = "UnestsDemo/UnestsDemo-Info.plist";
				PRODUCT_NAME = "$(TARGET_NAME)";
				WRAPPER_EXTENSION = app;
			};
			name = Debug;
		};
		ECCA192D19BE997F0028EF7E /* Release */ = {
			isa = XCBuildConfiguration;
			buildSettings = {
				ASSETCATALOG_COMPILER_APPICON_NAME = AppIcon;
				ASSETCATALOG_COMPILER_LAUNCHIMAGE_NAME = LaunchImage;
				GCC_PRECOMPILE_PREFIX_HEADER = YES;
				GCC_PREFIX_HEADER = "UnestsDemo/UnestsDemo-Prefix.pch";
				INFOPLIST_FILE = "UnestsDemo/UnestsDemo-Info.plist";
				PRODUCT_NAME = "$(TARGET_NAME)";
				WRAPPER_EXTENSION = app;
			};
			name = Release;
		};
		ECCA192F19BE997F0028EF7E /* Debug */ = {
			isa = XCBuildConfiguration;
			buildSettings = {
				BUNDLE_LOADER = "$(BUILT_PRODUCTS_DIR)/UnestsDemo.app/UnestsDemo";
				FRAMEWORK_SEARCH_PATHS = (
					"$(SDKROOT)/Developer/Library/Frameworks",
					"$(inherited)",
					"$(DEVELOPER_FRAMEWORKS_DIR)",
				);
				GCC_PRECOMPILE_PREFIX_HEADER = YES;
				GCC_PREFIX_HEADER = "UnestsDemo/UnestsDemo-Prefix.pch";
				GCC_PREPROCESSOR_DEFINITIONS = (
					"DEBUG=1",
					"$(inherited)",
				);
				INFOPLIST_FILE = "UnestsDemoTests/UnestsDemoTests-Info.plist";
				PRODUCT_NAME = "$(TARGET_NAME)";
				TEST_HOST = "$(BUNDLE_LOADER)";
				WRAPPER_EXTENSION = xctest;
			};
			name = Debug;
		};
		ECCA193019BE997F0028EF7E /* Release */ = {
			isa = XCBuildConfiguration;
			buildSettings = {
				BUNDLE_LOADER = "$(BUILT_PRODUCTS_DIR)/UnestsDemo.app/UnestsDemo";
				FRAMEWORK_SEARCH_PATHS = (
					"$(SDKROOT)/Developer/Library/Frameworks",
					"$(inherited)",
					"$(DEVELOPER_FRAMEWORKS_DIR)",
				);
				GCC_PRECOMPILE_PREFIX_HEADER = YES;
				GCC_PREFIX_HEADER = "UnestsDemo/UnestsDemo-Prefix.pch";
				INFOPLIST_FILE = "UnestsDemoTests/UnestsDemoTests-Info.plist";
				PRODUCT_NAME = "$(TARGET_NAME)";
				TEST_HOST = "$(BUNDLE_LOADER)";
				WRAPPER_EXTENSION = xctest;
			};
			name = Release;
		};
/* End XCBuildConfiguration section */

/* Begin XCConfigurationList section */
		ECCA18F419BE997F0028EF7E /* Build configuration list for PBXProject "UnestsDemo" */ = {
			isa = XCConfigurationList;
			buildConfigurations = (
				ECCA192919BE997F0028EF7E /* Debug */,
				ECCA192A19BE997F0028EF7E /* Release */,
			);
			defaultConfigurationIsVisible = 0;
			defaultConfigurationName = Release;
		};
		ECCA192B19BE997F0028EF7E /* Build configuration list for PBXNativeTarget "UnestsDemo" */ = {
			isa = XCConfigurationList;
			buildConfigurations = (
				ECCA192C19BE997F0028EF7E /* Debug */,
				ECCA192D19BE997F0028EF7E /* Release */,
			);
			defaultConfigurationIsVisible = 0;
		};
		ECCA192E19BE997F0028EF7E /* Build configuration list for PBXNativeTarget "UnestsDemoTests" */ = {
			isa = XCConfigurationList;
			buildConfigurations = (
				ECCA192F19BE997F0028EF7E /* Debug */,
				ECCA193019BE997F0028EF7E /* Release */,
			);
			defaultConfigurationIsVisible = 0;
		};
/* End XCConfigurationList section */

/* Begin XCVersionGroup section */
		ECCA191019BE997F0028EF7E /* UnestsDemo.xcdatamodeld */ = {
			isa = XCVersionGroup;
			children = (
				ECCA191119BE997F0028EF7E /* UnestsDemo.xcdatamodel */,
			);
			currentVersion = ECCA191119BE997F0028EF7E /* UnestsDemo.xcdatamodel */;
			path = UnestsDemo.xcdatamodeld;
			sourceTree = "<group>";
			versionGroupType = wrapper.xcdatamodel;
		};
/* End XCVersionGroup section */
	};
	rootObject = ECCA18F119BE997F0028EF7E /* Project object */;
}
